
Microsoft Visual Studio Solution File, Format Version 12.00
# Visual Studio Version 17
VisualStudioVersion = 17.8.34330.188
MinimumVisualStudioVersion = 10.0.40219.1
Project("{9A19103F-16F7-4668-BE54-9A1E7A4F7556}") = "FourSquare-Encryption", "FourSquare-Encryption\FourSquare-Encryption.csproj", "{0298F881-7E72-474F-A731-5EF6ABBF659A}"
EndProject
Project("{9A19103F-16F7-4668-BE54-9A1E7A4F7556}") = "FourSquare-WebApp", "FourSquare-WebApp\FourSquare-WebApp.csproj", "{81F4E884-E59C-4FE2-B9F9-A48F65A06E0C}"
EndProject
Project("{FAE04EC0-301F-11D3-BF4B-00C04F79EFBC}") = "FourSquare-Analysis", "FourSquare-Analysis\FourSquare-Analysis.csproj", "{EC87F339-08FD-4075-BFB0-D0613AC31998}"
EndProject
Global
	GlobalSection(SolutionConfigurationPlatforms) = preSolution
		Debug|Any CPU = Debug|Any CPU
		Release|Any CPU = Release|Any CPU
	EndGlobalSection
	GlobalSection(ProjectConfigurationPlatforms) = postSolution
		{0298F881-7E72-474F-A731-5EF6ABBF659A}.Debug|Any CPU.ActiveCfg = Debug|Any CPU
		{0298F881-7E72-474F-A731-5EF6ABBF659A}.Debug|Any CPU.Build.0 = Debug|Any CPU
		{0298F881-7E72-474F-A731-5EF6ABBF659A}.Release|Any CPU.ActiveCfg = Release|Any CPU
		{0298F881-7E72-474F-A731-5EF6ABBF659A}.Release|Any CPU.Build.0 = Release|Any CPU
		{81F4E884-E59C-4FE2-B9F9-A48F65A06E0C}.Debug|Any CPU.ActiveCfg = Debug|Any CPU
		{81F4E884-E59C-4FE2-B9F9-A48F65A06E0C}.Debug|Any CPU.Build.0 = Debug|Any CPU
		{81F4E884-E59C-4FE2-B9F9-A48F65A06E0C}.Release|Any CPU.ActiveCfg = Release|Any CPU
		{81F4E884-E59C-4FE2-B9F9-A48F65A06E0C}.Release|Any CPU.Build.0 = Release|Any CPU
		{EC87F339-08FD-4075-BFB0-D0613AC31998}.Debug|Any CPU.ActiveCfg = Debug|Any CPU
		{EC87F339-08FD-4075-BFB0-D0613AC31998}.Debug|Any CPU.Build.0 = Debug|Any CPU
		{EC87F339-08FD-4075-BFB0-D0613AC31998}.Release|Any CPU.ActiveCfg = Release|Any CPU
		{EC87F339-08FD-4075-BFB0-D0613AC31998}.Release|Any CPU.Build.0 = Release|Any CPU
	EndGlobalSection
	GlobalSection(SolutionProperties) = preSolution
		HideSolutionNode = FALSE
	EndGlobalSection
	GlobalSection(ExtensibilityGlobals) = postSolution
		SolutionGuid = {3EF1473A-F6A4-4BAA-8761-C473C223FDB8}
	EndGlobalSection
EndGlobal
